
Microsoft Visual Studio Solution File, Format Version 12.00
# Visual Studio Version 16
VisualStudioVersion = 16.0.30104.148
MinimumVisualStudioVersion = 10.0.40219.1
Project("{9A19103F-16F7-4668-BE54-9A1E7A4F7556}") = "KampIntro", "KampIntro\KampIntro.csproj", "{D4E016FB-B334-4C77-A1CC-035232D92CAC}"
EndProject
Project("{FAE04EC0-301F-11D3-BF4B-00C04F79EFBC}") = "Matematik", "Matematik\Matematik.csproj", "{E5A3CCB8-6A85-4432-86F2-A320A1D2F01E}"
EndProject
Project("{FAE04EC0-301F-11D3-BF4B-00C04F79EFBC}") = "DegerveReferansTipler", "DegerveReferansTipler\DegerveReferansTipler.csproj", "{96936278-2A3A-46D5-8E05-2873D4196D36}"
EndProject
Global
	GlobalSection(SolutionConfigurationPlatforms) = preSolution
		Debug|Any CPU = Debug|Any CPU
		Release|Any CPU = Release|Any CPU
	EndGlobalSection
	GlobalSection(ProjectConfigurationPlatforms) = postSolution
		{D4E016FB-B334-4C77-A1CC-035232D92CAC}.Debug|Any CPU.ActiveCfg = Debug|Any CPU
		{D4E016FB-B334-4C77-A1CC-035232D92CAC}.Debug|Any CPU.Build.0 = Debug|Any CPU
		{D4E016FB-B334-4C77-A1CC-035232D92CAC}.Release|Any CPU.ActiveCfg = Release|Any CPU
		{D4E016FB-B334-4C77-A1CC-035232D92CAC}.Release|Any CPU.Build.0 = Release|Any CPU
		{E5A3CCB8-6A85-4432-86F2-A320A1D2F01E}.Debug|Any CPU.ActiveCfg = Debug|Any CPU
		{E5A3CCB8-6A85-4432-86F2-A320A1D2F01E}.Debug|Any CPU.Build.0 = Debug|Any CPU
		{E5A3CCB8-6A85-4432-86F2-A320A1D2F01E}.Release|Any CPU.ActiveCfg = Release|Any CPU
		{E5A3CCB8-6A85-4432-86F2-A320A1D2F01E}.Release|Any CPU.Build.0 = Release|Any CPU
		{96936278-2A3A-46D5-8E05-2873D4196D36}.Debug|Any CPU.ActiveCfg = Debug|Any CPU
		{96936278-2A3A-46D5-8E05-2873D4196D36}.Debug|Any CPU.Build.0 = Debug|Any CPU
		{96936278-2A3A-46D5-8E05-2873D4196D36}.Release|Any CPU.ActiveCfg = Release|Any CPU
		{96936278-2A3A-46D5-8E05-2873D4196D36}.Release|Any CPU.Build.0 = Release|Any CPU
	EndGlobalSection
	GlobalSection(SolutionProperties) = preSolution
		HideSolutionNode = FALSE
	EndGlobalSection
	GlobalSection(ExtensibilityGlobals) = postSolution
		SolutionGuid = {60332A77-051E-46D5-97D1-879293FF7288}
	EndGlobalSection
EndGlobal
